
Microsoft Visual Studio Solution File, Format Version 12.00
# Visual Studio 15
VisualStudioVersion = 15.0.26730.3
MinimumVisualStudioVersion = 10.0.40219.1
Project("{FAE04EC0-301F-11D3-BF4B-00C04F79EFBC}") = "CourseworkApplication", "CourseworkApplication\CourseworkApplication.csproj", "{29A85663-1F2D-4B62-ACD6-90DF506DB035}"
EndProject
Project("{FAE04EC0-301F-11D3-BF4B-00C04F79EFBC}") = "Message", "UnitTestProject1\Message.csproj", "{4B56C1C8-6BD5-4871-AAAE-6B480B3C9630}"
EndProject
Global
	GlobalSection(SolutionConfigurationPlatforms) = preSolution
		Debug|Any CPU = Debug|Any CPU
		Release|Any CPU = Release|Any CPU
	EndGlobalSection
	GlobalSection(ProjectConfigurationPlatforms) = postSolution
		{29A85663-1F2D-4B62-ACD6-90DF506DB035}.Debug|Any CPU.ActiveCfg = Debug|Any CPU
		{29A85663-1F2D-4B62-ACD6-90DF506DB035}.Debug|Any CPU.Build.0 = Debug|Any CPU
		{29A85663-1F2D-4B62-ACD6-90DF506DB035}.Release|Any CPU.ActiveCfg = Release|Any CPU
		{29A85663-1F2D-4B62-ACD6-90DF506DB035}.Release|Any CPU.Build.0 = Release|Any CPU
		{4B56C1C8-6BD5-4871-AAAE-6B480B3C9630}.Debug|Any CPU.ActiveCfg = Debug|Any CPU
		{4B56C1C8-6BD5-4871-AAAE-6B480B3C9630}.Debug|Any CPU.Build.0 = Debug|Any CPU
		{4B56C1C8-6BD5-4871-AAAE-6B480B3C9630}.Release|Any CPU.ActiveCfg = Release|Any CPU
		{4B56C1C8-6BD5-4871-AAAE-6B480B3C9630}.Release|Any CPU.Build.0 = Release|Any CPU
	EndGlobalSection
	GlobalSection(SolutionProperties) = preSolution
		HideSolutionNode = FALSE
	EndGlobalSection
	GlobalSection(ExtensibilityGlobals) = postSolution
		SolutionGuid = {232D7B91-E8AE-46C4-AB93-6CDA6884202C}
	EndGlobalSection
EndGlobal
